
Microsoft Visual Studio Solution File, Format Version 12.00
# Visual Studio Version 17
VisualStudioVersion = 17.12.35527.113
MinimumVisualStudioVersion = 10.0.40219.1
Project("{FAE04EC0-301F-11D3-BF4B-00C04F79EFBC}") = "CafeManager", "CafeManager\CafeManager.csproj", "{52DEF72C-CF63-439A-9898-1EF97E6C83D5}"
EndProject
Project("{FAE04EC0-301F-11D3-BF4B-00C04F79EFBC}") = "BusinessEntitiesLayer", "BusinessEntitiesLayer\BusinessEntitiesLayer.csproj", "{4C845464-3B55-43A0-974E-DD52BE3AB62F}"
EndProject
Project("{FAE04EC0-301F-11D3-BF4B-00C04F79EFBC}") = "DataAccessLayer", "DataAccessLayer\DataAccessLayer.csproj", "{52EF3BD3-C735-4729-8D4A-24998266F438}"
EndProject
Project("{FAE04EC0-301F-11D3-BF4B-00C04F79EFBC}") = "BusinessApplicationLayer", "BusinessApplicationLayer\BusinessApplicationLayer.csproj", "{C6D1569D-75A1-439F-80FF-F6603A588A57}"
EndProject
Project("{FAE04EC0-301F-11D3-BF4B-00C04F79EFBC}") = "CommonUtilities", "CommonUtilities\CommonUtilities.csproj", "{0CD13CAC-A22E-42F6-972D-F9C43B2252B3}"
EndProject
Project("{2150E333-8FDC-42A3-9474-1A3956D46DE8}") = "screenshots", "screenshots", "{D040DDD7-8F1A-4DD6-B833-08D86CBA9AB4}"
	ProjectSection(SolutionItems) = preProject
		..\New folder (2)\GeneralSeting.png = ..\New folder (2)\GeneralSeting.png
		..\New folder (2)\invoice.png = ..\New folder (2)\invoice.png
		..\New folder (2)\Sale.png = ..\New folder (2)\Sale.png
		..\New folder (2)\SaleEdit.png = ..\New folder (2)\SaleEdit.png
		..\New folder (2)\SaleReport.png = ..\New folder (2)\SaleReport.png
	EndProjectSection
EndProject
Global
	GlobalSection(SolutionConfigurationPlatforms) = preSolution
		Debug|Any CPU = Debug|Any CPU
		Release|Any CPU = Release|Any CPU
	EndGlobalSection
	GlobalSection(ProjectConfigurationPlatforms) = postSolution
		{52DEF72C-CF63-439A-9898-1EF97E6C83D5}.Debug|Any CPU.ActiveCfg = Debug|Any CPU
		{52DEF72C-CF63-439A-9898-1EF97E6C83D5}.Debug|Any CPU.Build.0 = Debug|Any CPU
		{52DEF72C-CF63-439A-9898-1EF97E6C83D5}.Release|Any CPU.ActiveCfg = Release|Any CPU
		{52DEF72C-CF63-439A-9898-1EF97E6C83D5}.Release|Any CPU.Build.0 = Release|Any CPU
		{4C845464-3B55-43A0-974E-DD52BE3AB62F}.Debug|Any CPU.ActiveCfg = Debug|Any CPU
		{4C845464-3B55-43A0-974E-DD52BE3AB62F}.Debug|Any CPU.Build.0 = Debug|Any CPU
		{4C845464-3B55-43A0-974E-DD52BE3AB62F}.Release|Any CPU.ActiveCfg = Release|Any CPU
		{4C845464-3B55-43A0-974E-DD52BE3AB62F}.Release|Any CPU.Build.0 = Release|Any CPU
		{52EF3BD3-C735-4729-8D4A-24998266F438}.Debug|Any CPU.ActiveCfg = Debug|Any CPU
		{52EF3BD3-C735-4729-8D4A-24998266F438}.Debug|Any CPU.Build.0 = Debug|Any CPU
		{52EF3BD3-C735-4729-8D4A-24998266F438}.Release|Any CPU.ActiveCfg = Release|Any CPU
		{52EF3BD3-C735-4729-8D4A-24998266F438}.Release|Any CPU.Build.0 = Release|Any CPU
		{C6D1569D-75A1-439F-80FF-F6603A588A57}.Debug|Any CPU.ActiveCfg = Debug|Any CPU
		{C6D1569D-75A1-439F-80FF-F6603A588A57}.Debug|Any CPU.Build.0 = Debug|Any CPU
		{C6D1569D-75A1-439F-80FF-F6603A588A57}.Release|Any CPU.ActiveCfg = Release|Any CPU
		{C6D1569D-75A1-439F-80FF-F6603A588A57}.Release|Any CPU.Build.0 = Release|Any CPU
		{0CD13CAC-A22E-42F6-972D-F9C43B2252B3}.Debug|Any CPU.ActiveCfg = Debug|Any CPU
		{0CD13CAC-A22E-42F6-972D-F9C43B2252B3}.Debug|Any CPU.Build.0 = Debug|Any CPU
		{0CD13CAC-A22E-42F6-972D-F9C43B2252B3}.Release|Any CPU.ActiveCfg = Release|Any CPU
		{0CD13CAC-A22E-42F6-972D-F9C43B2252B3}.Release|Any CPU.Build.0 = Release|Any CPU
	EndGlobalSection
	GlobalSection(SolutionProperties) = preSolution
		HideSolutionNode = FALSE
	EndGlobalSection
EndGlobal
